
Microsoft Visual Studio Solution File, Format Version 12.00
# Visual Studio 15
VisualStudioVersion = 15.0.27004.2008
MinimumVisualStudioVersion = 10.0.40219.1
Project("{FAE04EC0-301F-11D3-BF4B-00C04F79EFBC}") = "ConsumeWASService", "ConsumeWASService\ConsumeWASService.csproj", "{82D8048C-9327-42C2-A201-50BADA0456D9}"
EndProject
Project("{FAE04EC0-301F-11D3-BF4B-00C04F79EFBC}") = "WASWcfService", "WASWcfService\WASWcfService.csproj", "{6FD3A7E2-984C-4EF1-8344-967FE7586714}"
EndProject
Global
	GlobalSection(SolutionConfigurationPlatforms) = preSolution
		Debug|Any CPU = Debug|Any CPU
		Release|Any CPU = Release|Any CPU
	EndGlobalSection
	GlobalSection(ProjectConfigurationPlatforms) = postSolution
		{82D8048C-9327-42C2-A201-50BADA0456D9}.Debug|Any CPU.ActiveCfg = Debug|Any CPU
		{82D8048C-9327-42C2-A201-50BADA0456D9}.Debug|Any CPU.Build.0 = Debug|Any CPU
		{82D8048C-9327-42C2-A201-50BADA0456D9}.Release|Any CPU.ActiveCfg = Release|Any CPU
		{82D8048C-9327-42C2-A201-50BADA0456D9}.Release|Any CPU.Build.0 = Release|Any CPU
		{6FD3A7E2-984C-4EF1-8344-967FE7586714}.Debug|Any CPU.ActiveCfg = Debug|Any CPU
		{6FD3A7E2-984C-4EF1-8344-967FE7586714}.Debug|Any CPU.Build.0 = Debug|Any CPU
		{6FD3A7E2-984C-4EF1-8344-967FE7586714}.Release|Any CPU.ActiveCfg = Release|Any CPU
		{6FD3A7E2-984C-4EF1-8344-967FE7586714}.Release|Any CPU.Build.0 = Release|Any CPU
	EndGlobalSection
	GlobalSection(SolutionProperties) = preSolution
		HideSolutionNode = FALSE
	EndGlobalSection
	GlobalSection(ExtensibilityGlobals) = postSolution
		SolutionGuid = {5FE63077-D7FC-4359-ACAF-BFBFDC03BCF8}
	EndGlobalSection
EndGlobal
